
Microsoft Visual Studio Solution File, Format Version 12.00
# Visual Studio 15
VisualStudioVersion = 15.0.27130.2036
MinimumVisualStudioVersion = 10.0.40219.1
Project("{FAE04EC0-301F-11D3-BF4B-00C04F79EFBC}") = "FilterCheck", "FilterCheck\FilterCheck.csproj", "{328F0FBC-74F6-4D5C-989F-72AA25E1A1BE}"
EndProject
Global
	GlobalSection(SolutionConfigurationPlatforms) = preSolution
		Debug|Any CPU = Debug|Any CPU
		Release|Any CPU = Release|Any CPU
	EndGlobalSection
	GlobalSection(ProjectConfigurationPlatforms) = postSolution
		{328F0FBC-74F6-4D5C-989F-72AA25E1A1BE}.Debug|Any CPU.ActiveCfg = Debug|Any CPU
		{328F0FBC-74F6-4D5C-989F-72AA25E1A1BE}.Debug|Any CPU.Build.0 = Debug|Any CPU
		{328F0FBC-74F6-4D5C-989F-72AA25E1A1BE}.Release|Any CPU.ActiveCfg = Release|Any CPU
		{328F0FBC-74F6-4D5C-989F-72AA25E1A1BE}.Release|Any CPU.Build.0 = Release|Any CPU
	EndGlobalSection
	GlobalSection(SolutionProperties) = preSolution
		HideSolutionNode = FALSE
	EndGlobalSection
	GlobalSection(ExtensibilityGlobals) = postSolution
		SolutionGuid = {89586AC9-CB6E-4F20-BCF0-15337F841861}
	EndGlobalSection
EndGlobal
